
Microsoft Visual Studio Solution File, Format Version 12.00
# Visual Studio 2012
Project("{2150E333-8FDC-42A3-9474-1A3956D46DE8}") = "WindowsForms", "WindowsForms", "{33984A68-075B-48AA-90C4-67D932131E8E}"
EndProject
Project("{F184B08F-C81C-45F6-A57F-5ABD9991F28F}") = "IndustrialGadgetsDemo", "WindowsForms\Client-IndustrialGadgetsDemo\IndustrialGadgetsDemo.vbproj", "{09E389C9-2820-41E9-B9B9-EA3154BF6B07}"
EndProject
Project("{F184B08F-C81C-45F6-A57F-5ABD9991F28F}") = "InstrumentationControlsDemo", "WindowsForms\Client-InstrumentationControlsDemo\InstrumentationControlsDemo.vbproj", "{8FAAC2C4-B414-4B85-8AC8-964005A7C828}"
EndProject
Project("{F184B08F-C81C-45F6-A57F-5ABD9991F28F}") = "SymbolFactoryDemo", "WindowsForms\Client-SymbolFactoryDemo\SymbolFactoryDemo.vbproj", "{944A8496-0D52-45E5-8C9C-409A2FD0D1A5}"
EndProject
Global
	GlobalSection(TeamFoundationVersionControl) = preSolution
		SccNumberOfProjects = 4
		SccEnterpriseProvider = {4CA58AB2-18FA-4F8D-95D4-32DDF27D184C}
		SccTeamFoundationServer = https://dev.azure.com/opclabs3
		SccLocalPath0 = .
		SccProjectUniqueName1 = WindowsForms\Client-\IndustrialGadgetsDemo\\IndustrialGadgetsDemo.vbproj
		SccProjectTopLevelParentUniqueName1 = QuickOpcVBNetIntegrationExamples.sln
		SccProjectName1 = WindowsForms/Client-IndustrialGadgetsDemo
		SccLocalPath1 = WindowsForms\Client-\IndustrialGadgetsDemo
		SccProjectUniqueName2 = WindowsForms\Client-\InstrumentationControlsDemo\\InstrumentationControlsDemo.vbproj
		SccProjectTopLevelParentUniqueName2 = QuickOpcVBNetIntegrationExamples.sln
		SccProjectName2 = WindowsForms/Client-InstrumentationControlsDemo
		SccLocalPath2 = WindowsForms\Client-\InstrumentationControlsDemo
		SccProjectUniqueName3 = WindowsForms\Client-\SymbolFactoryDemo\\SymbolFactoryDemo.vbproj
		SccProjectTopLevelParentUniqueName3 = QuickOpcVBNetIntegrationExamples.sln
		SccProjectName3 = WindowsForms/Client-SymbolFactoryDemo
		SccLocalPath3 = WindowsForms\Client-\SymbolFactoryDemo
	EndGlobalSection
	GlobalSection(SolutionConfigurationPlatforms) = preSolution
		Debug|Any CPU = Debug|Any CPU
		Release|Any CPU = Release|Any CPU
	EndGlobalSection
	GlobalSection(ProjectConfigurationPlatforms) = postSolution
		{09E389C9-2820-41E9-B9B9-EA3154BF6B07}.Debug|Any CPU.ActiveCfg = Debug|Any CPU
		{09E389C9-2820-41E9-B9B9-EA3154BF6B07}.Debug|Any CPU.Build.0 = Debug|Any CPU
		{09E389C9-2820-41E9-B9B9-EA3154BF6B07}.Release|Any CPU.ActiveCfg = Release|Any CPU
		{09E389C9-2820-41E9-B9B9-EA3154BF6B07}.Release|Any CPU.Build.0 = Release|Any CPU
		{8FAAC2C4-B414-4B85-8AC8-964005A7C828}.Debug|Any CPU.ActiveCfg = Debug|Any CPU
		{8FAAC2C4-B414-4B85-8AC8-964005A7C828}.Debug|Any CPU.Build.0 = Debug|Any CPU
		{8FAAC2C4-B414-4B85-8AC8-964005A7C828}.Release|Any CPU.ActiveCfg = Release|Any CPU
		{8FAAC2C4-B414-4B85-8AC8-964005A7C828}.Release|Any CPU.Build.0 = Release|Any CPU
		{944A8496-0D52-45E5-8C9C-409A2FD0D1A5}.Debug|Any CPU.ActiveCfg = Debug|Any CPU
		{944A8496-0D52-45E5-8C9C-409A2FD0D1A5}.Debug|Any CPU.Build.0 = Debug|Any CPU
		{944A8496-0D52-45E5-8C9C-409A2FD0D1A5}.Release|Any CPU.ActiveCfg = Release|Any CPU
		{944A8496-0D52-45E5-8C9C-409A2FD0D1A5}.Release|Any CPU.Build.0 = Release|Any CPU
	EndGlobalSection
	GlobalSection(SolutionProperties) = preSolution
		HideSolutionNode = FALSE
	EndGlobalSection
	GlobalSection(NestedProjects) = preSolution
		{09E389C9-2820-41E9-B9B9-EA3154BF6B07} = {33984A68-075B-48AA-90C4-67D932131E8E}
		{8FAAC2C4-B414-4B85-8AC8-964005A7C828} = {33984A68-075B-48AA-90C4-67D932131E8E}
		{944A8496-0D52-45E5-8C9C-409A2FD0D1A5} = {33984A68-075B-48AA-90C4-67D932131E8E}
	EndGlobalSection
EndGlobal
